{
  "requires": true,
  "lockfileVersion": 1,
  "dependencies": {
    "@angular/core": {
      "version": "9.1.3",
      "resolved": "https://registry.npmjs.org/@angular/core/-/core-9.1.3.tgz",
      "integrity": "sha512-r+GyeCuBw9SUBzpPWhKxzTOkNYotYp3gANSWndihLC9P6W5T8Hfyg8uYcxKy7L42bpx8eXZOXFq91cioVwZtqA=="
    }
  }
}
